
Microsoft Visual Studio Solution File, Format Version 12.00
# Visual Studio Version 16
VisualStudioVersion = 16.0.32106.194
MinimumVisualStudioVersion = 10.0.40219.1
Project("{9A19103F-16F7-4668-BE54-9A1E7A4F7556}") = "AdoptPet", "AdoptPet.csproj", "{3012FD7C-1028-45DF-A119-DA97DB9B587B}"
EndProject
Project("{FAE04EC0-301F-11D3-BF4B-00C04F79EFBC}") = "LoggerService", "..\LoggerService\LoggerService.csproj", "{A75D3FAA-BE2E-414E-80F0-1DE7ADBB1A8D}"
EndProject
Project("{FAE04EC0-301F-11D3-BF4B-00C04F79EFBC}") = "Contracts", "..\Contracts\Contracts.csproj", "{835D397F-14D4-4A60-A9FF-23A5084B5C76}"
EndProject
Global
	GlobalSection(SolutionConfigurationPlatforms) = preSolution
		Debug|Any CPU = Debug|Any CPU
		Release|Any CPU = Release|Any CPU
	EndGlobalSection
	GlobalSection(ProjectConfigurationPlatforms) = postSolution
		{3012FD7C-1028-45DF-A119-DA97DB9B587B}.Debug|Any CPU.ActiveCfg = Debug|Any CPU
		{3012FD7C-1028-45DF-A119-DA97DB9B587B}.Debug|Any CPU.Build.0 = Debug|Any CPU
		{3012FD7C-1028-45DF-A119-DA97DB9B587B}.Release|Any CPU.ActiveCfg = Release|Any CPU
		{3012FD7C-1028-45DF-A119-DA97DB9B587B}.Release|Any CPU.Build.0 = Release|Any CPU
		{A75D3FAA-BE2E-414E-80F0-1DE7ADBB1A8D}.Debug|Any CPU.ActiveCfg = Debug|Any CPU
		{A75D3FAA-BE2E-414E-80F0-1DE7ADBB1A8D}.Debug|Any CPU.Build.0 = Debug|Any CPU
		{A75D3FAA-BE2E-414E-80F0-1DE7ADBB1A8D}.Release|Any CPU.ActiveCfg = Release|Any CPU
		{A75D3FAA-BE2E-414E-80F0-1DE7ADBB1A8D}.Release|Any CPU.Build.0 = Release|Any CPU
		{835D397F-14D4-4A60-A9FF-23A5084B5C76}.Debug|Any CPU.ActiveCfg = Debug|Any CPU
		{835D397F-14D4-4A60-A9FF-23A5084B5C76}.Debug|Any CPU.Build.0 = Debug|Any CPU
		{835D397F-14D4-4A60-A9FF-23A5084B5C76}.Release|Any CPU.ActiveCfg = Release|Any CPU
		{835D397F-14D4-4A60-A9FF-23A5084B5C76}.Release|Any CPU.Build.0 = Release|Any CPU
	EndGlobalSection
	GlobalSection(SolutionProperties) = preSolution
		HideSolutionNode = FALSE
	EndGlobalSection
	GlobalSection(ExtensibilityGlobals) = postSolution
		SolutionGuid = {02017235-4930-4594-9336-CFE41B12BD87}
	EndGlobalSection
EndGlobal
